
Microsoft Visual Studio Solution File, Format Version 12.00
# Visual Studio Version 16
VisualStudioVersion = 16.0.31205.134
MinimumVisualStudioVersion = 10.0.40219.1
Project("{9A19103F-16F7-4668-BE54-9A1E7A4F7556}") = "Cowin.VaccineTrackers", "src\VaccineTrackers\Cowin.VaccineTrackers.csproj", "{2595F868-FA33-41B6-9AFE-D9C3BF739AD0}"
EndProject
Project("{2150E333-8FDC-42A3-9474-1A3956D46DE8}") = "src", "src", "{7F556798-BDB1-47C8-8297-98D283C08E2C}"
EndProject
Project("{9A19103F-16F7-4668-BE54-9A1E7A4F7556}") = "Cowin.Domain", "src\Cowin.Domain\Cowin.Domain.csproj", "{E0BDD3E8-46C3-4FD6-A767-63B070C31387}"
EndProject
Project("{2150E333-8FDC-42A3-9474-1A3956D46DE8}") = "Solution Items", "Solution Items", "{9BCB56C9-DA67-40E9-BDED-D98D3F6CC3B2}"
	ProjectSection(SolutionItems) = preProject
		.editorconfig = .editorconfig
	EndProjectSection
EndProject
Project("{9A19103F-16F7-4668-BE54-9A1E7A4F7556}") = "Cowin.Infrastructure", "src\Cowin.Infrastructure\Cowin.Infrastructure.csproj", "{7D819678-6EE2-40E1-980A-EBB18A514B60}"
EndProject
Global
	GlobalSection(SolutionConfigurationPlatforms) = preSolution
		Debug|Any CPU = Debug|Any CPU
		Release|Any CPU = Release|Any CPU
	EndGlobalSection
	GlobalSection(ProjectConfigurationPlatforms) = postSolution
		{2595F868-FA33-41B6-9AFE-D9C3BF739AD0}.Debug|Any CPU.ActiveCfg = Debug|Any CPU
		{2595F868-FA33-41B6-9AFE-D9C3BF739AD0}.Debug|Any CPU.Build.0 = Debug|Any CPU
		{2595F868-FA33-41B6-9AFE-D9C3BF739AD0}.Release|Any CPU.ActiveCfg = Release|Any CPU
		{2595F868-FA33-41B6-9AFE-D9C3BF739AD0}.Release|Any CPU.Build.0 = Release|Any CPU
		{E0BDD3E8-46C3-4FD6-A767-63B070C31387}.Debug|Any CPU.ActiveCfg = Debug|Any CPU
		{E0BDD3E8-46C3-4FD6-A767-63B070C31387}.Debug|Any CPU.Build.0 = Debug|Any CPU
		{E0BDD3E8-46C3-4FD6-A767-63B070C31387}.Release|Any CPU.ActiveCfg = Release|Any CPU
		{E0BDD3E8-46C3-4FD6-A767-63B070C31387}.Release|Any CPU.Build.0 = Release|Any CPU
		{7D819678-6EE2-40E1-980A-EBB18A514B60}.Debug|Any CPU.ActiveCfg = Debug|Any CPU
		{7D819678-6EE2-40E1-980A-EBB18A514B60}.Debug|Any CPU.Build.0 = Debug|Any CPU
		{7D819678-6EE2-40E1-980A-EBB18A514B60}.Release|Any CPU.ActiveCfg = Release|Any CPU
		{7D819678-6EE2-40E1-980A-EBB18A514B60}.Release|Any CPU.Build.0 = Release|Any CPU
	EndGlobalSection
	GlobalSection(SolutionProperties) = preSolution
		HideSolutionNode = FALSE
	EndGlobalSection
	GlobalSection(NestedProjects) = preSolution
		{2595F868-FA33-41B6-9AFE-D9C3BF739AD0} = {7F556798-BDB1-47C8-8297-98D283C08E2C}
		{E0BDD3E8-46C3-4FD6-A767-63B070C31387} = {7F556798-BDB1-47C8-8297-98D283C08E2C}
		{7D819678-6EE2-40E1-980A-EBB18A514B60} = {7F556798-BDB1-47C8-8297-98D283C08E2C}
	EndGlobalSection
	GlobalSection(ExtensibilityGlobals) = postSolution
		SolutionGuid = {2BFEAE5B-2193-4080-8478-44920ED8A558}
	EndGlobalSection
EndGlobal
